
Microsoft Visual Studio Solution File, Format Version 12.00
# Visual Studio Version 17
VisualStudioVersion = 17.8.34330.188
MinimumVisualStudioVersion = 10.0.40219.1
Project("{FAE04EC0-301F-11D3-BF4B-00C04F79EFBC}") = "Kurs", "Kursoway2\Kurs.csproj", "{86EF5701-B6C9-45CD-AADC-65AD54061A62}"
EndProject
Global
	GlobalSection(SolutionConfigurationPlatforms) = preSolution
		Debug|Any CPU = Debug|Any CPU
		Release|Any CPU = Release|Any CPU
	EndGlobalSection
	GlobalSection(ProjectConfigurationPlatforms) = postSolution
		{86EF5701-B6C9-45CD-AADC-65AD54061A62}.Debug|Any CPU.ActiveCfg = Debug|Any CPU
		{86EF5701-B6C9-45CD-AADC-65AD54061A62}.Debug|Any CPU.Build.0 = Debug|Any CPU
		{86EF5701-B6C9-45CD-AADC-65AD54061A62}.Release|Any CPU.ActiveCfg = Release|Any CPU
		{86EF5701-B6C9-45CD-AADC-65AD54061A62}.Release|Any CPU.Build.0 = Release|Any CPU
	EndGlobalSection
	GlobalSection(SolutionProperties) = preSolution
		HideSolutionNode = FALSE
	EndGlobalSection
	GlobalSection(ExtensibilityGlobals) = postSolution
		SolutionGuid = {E26DF8E1-80C5-47B0-A1F9-ACA9B9E9CEEE}
	EndGlobalSection
EndGlobal
